
Microsoft Visual Studio Solution File, Format Version 12.00
# Visual Studio 15
VisualStudioVersion = 15.0.27004.2009
MinimumVisualStudioVersion = 10.0.40219.1
Project("{9A19103F-16F7-4668-BE54-9A1E7A4F7556}") = "FirstNetCoreApp", "FirstNetCoreApp\FirstNetCoreApp.csproj", "{1CB965D3-568A-44A7-AB3F-C9CBA3A7F311}"
EndProject
Project("{FAE04EC0-301F-11D3-BF4B-00C04F79EFBC}") = "BusinessEntities", "BusinessEntities\BusinessEntities.csproj", "{59A8C710-85DC-4E85-9510-5154109559D6}"
EndProject
Global
	GlobalSection(SolutionConfigurationPlatforms) = preSolution
		Debug|Any CPU = Debug|Any CPU
		Release|Any CPU = Release|Any CPU
	EndGlobalSection
	GlobalSection(ProjectConfigurationPlatforms) = postSolution
		{1CB965D3-568A-44A7-AB3F-C9CBA3A7F311}.Debug|Any CPU.ActiveCfg = Debug|Any CPU
		{1CB965D3-568A-44A7-AB3F-C9CBA3A7F311}.Debug|Any CPU.Build.0 = Debug|Any CPU
		{1CB965D3-568A-44A7-AB3F-C9CBA3A7F311}.Release|Any CPU.ActiveCfg = Release|Any CPU
		{1CB965D3-568A-44A7-AB3F-C9CBA3A7F311}.Release|Any CPU.Build.0 = Release|Any CPU
		{59A8C710-85DC-4E85-9510-5154109559D6}.Debug|Any CPU.ActiveCfg = Debug|Any CPU
		{59A8C710-85DC-4E85-9510-5154109559D6}.Debug|Any CPU.Build.0 = Debug|Any CPU
		{59A8C710-85DC-4E85-9510-5154109559D6}.Release|Any CPU.ActiveCfg = Release|Any CPU
		{59A8C710-85DC-4E85-9510-5154109559D6}.Release|Any CPU.Build.0 = Release|Any CPU
	EndGlobalSection
	GlobalSection(SolutionProperties) = preSolution
		HideSolutionNode = FALSE
	EndGlobalSection
	GlobalSection(ExtensibilityGlobals) = postSolution
		SolutionGuid = {10AC477C-D021-4FED-A2D8-C63EC534CAF5}
	EndGlobalSection
EndGlobal
