
Microsoft Visual Studio Solution File, Format Version 12.00
# Visual Studio Version 16
VisualStudioVersion = 16.0.29020.237
MinimumVisualStudioVersion = 10.0.40219.1
Project("{9A19103F-16F7-4668-BE54-9A1E7A4F7556}") = "FirstNetCoreApp", "FirstNetCoreApp\FirstNetCoreApp.csproj", "{1CB965D3-568A-44A7-AB3F-C9CBA3A7F311}"
EndProject
Project("{9A19103F-16F7-4668-BE54-9A1E7A4F7556}") = "BusinessEntities", "BusinessEntities\BusinessEntities.csproj", "{59A8C710-85DC-4E85-9510-5154109559D6}"
EndProject
Project("{9A19103F-16F7-4668-BE54-9A1E7A4F7556}") = "FirstNetCoreMVC", "FirstNetCoreMVC\FirstNetCoreMVC.csproj", "{517B796F-309F-49D4-82D7-903EA97093D2}"
EndProject
Project("{9A19103F-16F7-4668-BE54-9A1E7A4F7556}") = "BusinessLayer", "BusinessLayer\BusinessLayer.csproj", "{C0C695A2-33AF-4AE9-B45E-8C0D87C0E3BA}"
EndProject
Project("{FAE04EC0-301F-11D3-BF4B-00C04F79EFBC}") = "WebServices", "WebServices\WebServices.csproj", "{1BE93F0C-A1A6-4E0C-AF3B-7BACB981D171}"
EndProject
Project("{FAE04EC0-301F-11D3-BF4B-00C04F79EFBC}") = "ElRacoDePipo.Web", "ElRacoDePipo.Web\ElRacoDePipo.Web.csproj", "{2A6C4725-0E7E-4AB9-9FF0-9445A2C8894C}"
EndProject
Project("{2150E333-8FDC-42A3-9474-1A3956D46DE8}") = "Documentation", "Documentation", "{9C6B9C33-82F0-4E96-9285-50DF7706065C}"
	ProjectSection(SolutionItems) = preProject
		EntityframeworkMigration.txt = EntityframeworkMigration.txt
	EndProjectSection
EndProject
Global
	GlobalSection(SolutionConfigurationPlatforms) = preSolution
		Debug|Any CPU = Debug|Any CPU
		Release|Any CPU = Release|Any CPU
	EndGlobalSection
	GlobalSection(ProjectConfigurationPlatforms) = postSolution
		{1CB965D3-568A-44A7-AB3F-C9CBA3A7F311}.Debug|Any CPU.ActiveCfg = Debug|Any CPU
		{1CB965D3-568A-44A7-AB3F-C9CBA3A7F311}.Debug|Any CPU.Build.0 = Debug|Any CPU
		{1CB965D3-568A-44A7-AB3F-C9CBA3A7F311}.Release|Any CPU.ActiveCfg = Release|Any CPU
		{1CB965D3-568A-44A7-AB3F-C9CBA3A7F311}.Release|Any CPU.Build.0 = Release|Any CPU
		{59A8C710-85DC-4E85-9510-5154109559D6}.Debug|Any CPU.ActiveCfg = Debug|Any CPU
		{59A8C710-85DC-4E85-9510-5154109559D6}.Debug|Any CPU.Build.0 = Debug|Any CPU
		{59A8C710-85DC-4E85-9510-5154109559D6}.Release|Any CPU.ActiveCfg = Release|Any CPU
		{59A8C710-85DC-4E85-9510-5154109559D6}.Release|Any CPU.Build.0 = Release|Any CPU
		{517B796F-309F-49D4-82D7-903EA97093D2}.Debug|Any CPU.ActiveCfg = Debug|Any CPU
		{517B796F-309F-49D4-82D7-903EA97093D2}.Debug|Any CPU.Build.0 = Debug|Any CPU
		{517B796F-309F-49D4-82D7-903EA97093D2}.Release|Any CPU.ActiveCfg = Release|Any CPU
		{517B796F-309F-49D4-82D7-903EA97093D2}.Release|Any CPU.Build.0 = Release|Any CPU
		{C0C695A2-33AF-4AE9-B45E-8C0D87C0E3BA}.Debug|Any CPU.ActiveCfg = Debug|Any CPU
		{C0C695A2-33AF-4AE9-B45E-8C0D87C0E3BA}.Debug|Any CPU.Build.0 = Debug|Any CPU
		{C0C695A2-33AF-4AE9-B45E-8C0D87C0E3BA}.Release|Any CPU.ActiveCfg = Release|Any CPU
		{C0C695A2-33AF-4AE9-B45E-8C0D87C0E3BA}.Release|Any CPU.Build.0 = Release|Any CPU
		{1BE93F0C-A1A6-4E0C-AF3B-7BACB981D171}.Debug|Any CPU.ActiveCfg = Debug|Any CPU
		{1BE93F0C-A1A6-4E0C-AF3B-7BACB981D171}.Debug|Any CPU.Build.0 = Debug|Any CPU
		{1BE93F0C-A1A6-4E0C-AF3B-7BACB981D171}.Release|Any CPU.ActiveCfg = Release|Any CPU
		{1BE93F0C-A1A6-4E0C-AF3B-7BACB981D171}.Release|Any CPU.Build.0 = Release|Any CPU
		{2A6C4725-0E7E-4AB9-9FF0-9445A2C8894C}.Debug|Any CPU.ActiveCfg = Debug|Any CPU
		{2A6C4725-0E7E-4AB9-9FF0-9445A2C8894C}.Debug|Any CPU.Build.0 = Debug|Any CPU
		{2A6C4725-0E7E-4AB9-9FF0-9445A2C8894C}.Release|Any CPU.ActiveCfg = Release|Any CPU
		{2A6C4725-0E7E-4AB9-9FF0-9445A2C8894C}.Release|Any CPU.Build.0 = Release|Any CPU
	EndGlobalSection
	GlobalSection(SolutionProperties) = preSolution
		HideSolutionNode = FALSE
	EndGlobalSection
	GlobalSection(ExtensibilityGlobals) = postSolution
		SolutionGuid = {10AC477C-D021-4FED-A2D8-C63EC534CAF5}
	EndGlobalSection
EndGlobal
